// !$*UTF8*$!
{
	archiveVersion = 1;
	classes = {
	};
	objectVersion = 56;
	objects = {

/* Begin PBXBuildFile section */
		99208B332ABEDA9900F14C5D /* AppDelegate.swift in Sources */ = {isa = PBXBuildFile; fileRef = 99208B322ABEDA9900F14C5D /* AppDelegate.swift */; };
		99208B352ABEDA9900F14C5D /* SceneDelegate.swift in Sources */ = {isa = PBXBuildFile; fileRef = 99208B342ABEDA9900F14C5D /* SceneDelegate.swift */; };
		99208B372ABEDA9900F14C5D /* ViewController.swift in Sources */ = {isa = PBXBuildFile; fileRef = 99208B362ABEDA9900F14C5D /* ViewController.swift */; };
		99208B3A2ABEDA9900F14C5D /* Main.storyboard in Resources */ = {isa = PBXBuildFile; fileRef = 99208B382ABEDA9900F14C5D /* Main.storyboard */; };
		99208B3C2ABEDA9B00F14C5D /* Assets.xcassets in Resources */ = {isa = PBXBuildFile; fileRef = 99208B3B2ABEDA9B00F14C5D /* Assets.xcassets */; };
		99208B3F2ABEDA9B00F14C5D /* LaunchScreen.storyboard in Resources */ = {isa = PBXBuildFile; fileRef = 99208B3D2ABEDA9B00F14C5D /* LaunchScreen.storyboard */; };
		99208B472ABEDCBB00F14C5D /* GameCharecter.swift in Sources */ = {isa = PBXBuildFile; fileRef = 99208B462ABEDCBB00F14C5D /* GameCharecter.swift */; };
		99208B4B2ABEDD3300F14C5D /* charizard.png in Resources */ = {isa = PBXBuildFile; fileRef = 99208B482ABEDD3300F14C5D /* charizard.png */; };
		99208B4C2ABEDD3300F14C5D /* pikachu.png in Resources */ = {isa = PBXBuildFile; fileRef = 99208B492ABEDD3300F14C5D /* pikachu.png */; };
		99208B4D2ABEDD3300F14C5D /* battlefield.png in Resources */ = {isa = PBXBuildFile; fileRef = 99208B4A2ABEDD3300F14C5D /* battlefield.png */; };
/* End PBXBuildFile section */

/* Begin PBXFileReference section */
		99208B2F2ABEDA9900F14C5D /* pokemonBattleApp.app */ = {isa = PBXFileReference; explicitFileType = wrapper.application; includeInIndex = 0; path = pokemonBattleApp.app; sourceTree = BUILT_PRODUCTS_DIR; };
		99208B322ABEDA9900F14C5D /* AppDelegate.swift */ = {isa = PBXFileReference; lastKnownFileType = sourcecode.swift; path = AppDelegate.swift; sourceTree = "<group>"; };
		99208B342ABEDA9900F14C5D /* SceneDelegate.swift */ = {isa = PBXFileReference; lastKnownFileType = sourcecode.swift; path = SceneDelegate.swift; sourceTree = "<group>"; };
		99208B362ABEDA9900F14C5D /* ViewController.swift */ = {isa = PBXFileReference; lastKnownFileType = sourcecode.swift; path = ViewController.swift; sourceTree = "<group>"; };
		99208B392ABEDA9900F14C5D /* Base */ = {isa = PBXFileReference; lastKnownFileType = file.storyboard; name = Base; path = Base.lproj/Main.storyboard; sourceTree = "<group>"; };
		99208B3B2ABEDA9B00F14C5D /* Assets.xcassets */ = {isa = PBXFileReference; lastKnownFileType = folder.assetcatalog; path = Assets.xcassets; sourceTree = "<group>"; };
		99208B3E2ABEDA9B00F14C5D /* Base */ = {isa = PBXFileReference; lastKnownFileType = file.storyboard; name = Base; path = Base.lproj/LaunchScreen.storyboard; sourceTree = "<group>"; };
		99208B402ABEDA9B00F14C5D /* Info.plist */ = {isa = PBXFileReference; lastKnownFileType = text.plist.xml; path = Info.plist; sourceTree = "<group>"; };
		99208B462ABEDCBB00F14C5D /* GameCharecter.swift */ = {isa = PBXFileReference; lastKnownFileType = sourcecode.swift; path = GameCharecter.swift; sourceTree = "<group>"; };
		99208B482ABEDD3300F14C5D /* charizard.png */ = {isa = PBXFileReference; lastKnownFileType = image.png; path = charizard.png; sourceTree = "<group>"; };
		99208B492ABEDD3300F14C5D /* pikachu.png */ = {isa = PBXFileReference; lastKnownFileType = image.png; path = pikachu.png; sourceTree = "<group>"; };
		99208B4A2ABEDD3300F14C5D /* battlefield.png */ = {isa = PBXFileReference; lastKnownFileType = image.png; path = battlefield.png; sourceTree = "<group>"; };
/* End PBXFileReference section */

/* Begin PBXFrameworksBuildPhase section */
		99208B2C2ABEDA9900F14C5D /* Frameworks */ = {
			isa = PBXFrameworksBuildPhase;
			buildActionMask = 2147483647;
			files = (
			);
			runOnlyForDeploymentPostprocessing = 0;
		};
/* End PBXFrameworksBuildPhase section */

/* Begin PBXGroup section */
		99208B262ABEDA9900F14C5D = {
			isa = PBXGroup;
			children = (
				99208B312ABEDA9900F14C5D /* pokemonBattleApp */,
				99208B302ABEDA9900F14C5D /* Products */,
			);
			sourceTree = "<group>";
		};
		99208B302ABEDA9900F14C5D /* Products */ = {
			isa = PBXGroup;
			children = (
				99208B2F2ABEDA9900F14C5D /* pokemonBattleApp.app */,
			);
			name = Products;
			sourceTree = "<group>";
		};
		99208B312ABEDA9900F14C5D /* pokemonBattleApp */ = {
			isa = PBXGroup;
			children = (
				99208B322ABEDA9900F14C5D /* AppDelegate.swift */,
				99208B342ABEDA9900F14C5D /* SceneDelegate.swift */,
				99208B362ABEDA9900F14C5D /* ViewController.swift */,
				99208B382ABEDA9900F14C5D /* Main.storyboard */,
				99208B3B2ABEDA9B00F14C5D /* Assets.xcassets */,
				99208B3D2ABEDA9B00F14C5D /* LaunchScreen.storyboard */,
				99208B402ABEDA9B00F14C5D /* Info.plist */,
				99208B462ABEDCBB00F14C5D /* GameCharecter.swift */,
				99208B4A2ABEDD3300F14C5D /* battlefield.png */,
				99208B482ABEDD3300F14C5D /* charizard.png */,
				99208B492ABEDD3300F14C5D /* pikachu.png */,
			);
			path = pokemonBattleApp;
			sourceTree = "<group>";
		};
/* End PBXGroup section */

/* Begin PBXNativeTarget section */
		99208B2E2ABEDA9900F14C5D /* pokemonBattleApp */ = {
			isa = PBXNativeTarget;
			buildConfigurationList = 99208B432ABEDA9B00F14C5D /* Build configuration list for PBXNativeTarget "pokemonBattleApp" */;
			buildPhases = (
				99208B2B2ABEDA9900F14C5D /* Sources */,
				99208B2C2ABEDA9900F14C5D /* Frameworks */,
				99208B2D2ABEDA9900F14C5D /* Resources */,
			);
			buildRules = (
			);
			dependencies = (
			);
			name = pokemonBattleApp;
			productName = pokemonBattleApp;
			productReference = 99208B2F2ABEDA9900F14C5D /* pokemonBattleApp.app */;
			productType = "com.apple.product-type.application";
		};
/* End PBXNativeTarget section */

/* Begin PBXProject section */
		99208B272ABEDA9900F14C5D /* Project object */ = {
			isa = PBXProject;
			attributes = {
				BuildIndependentTargetsInParallel = 1;
				LastSwiftUpdateCheck = 1430;
				LastUpgradeCheck = 1430;
				TargetAttributes = {
					99208B2E2ABEDA9900F14C5D = {
						CreatedOnToolsVersion = 14.3.1;
					};
				};
			};
			buildConfigurationList = 99208B2A2ABEDA9900F14C5D /* Build configuration list for PBXProject "pokemonBattleApp" */;
			compatibilityVersion = "Xcode 14.0";
			developmentRegion = en;
			hasScannedForEncodings = 0;
			knownRegions = (
				en,
				Base,
			);
			mainGroup = 99208B262ABEDA9900F14C5D;
			productRefGroup = 99208B302ABEDA9900F14C5D /* Products */;
			projectDirPath = "";
			projectRoot = "";
			targets = (
				99208B2E2ABEDA9900F14C5D /* pokemonBattleApp */,
			);
		};
/* End PBXProject section */

/* Begin PBXResourcesBuildPhase section */
		99208B2D2ABEDA9900F14C5D /* Resources */ = {
			isa = PBXResourcesBuildPhase;
			buildActionMask = 2147483647;
			files = (
				99208B4B2ABEDD3300F14C5D /* charizard.png in Resources */,
				99208B3F2ABEDA9B00F14C5D /* LaunchScreen.storyboard in Resources */,
				99208B4D2ABEDD3300F14C5D /* battlefield.png in Resources */,
				99208B3C2ABEDA9B00F14C5D /* Assets.xcassets in Resources */,
				99208B3A2ABEDA9900F14C5D /* Main.storyboard in Resources */,
				99208B4C2ABEDD3300F14C5D /* pikachu.png in Resources */,
			);
			runOnlyForDeploymentPostprocessing = 0;
		};
/* End PBXResourcesBuildPhase section */

/* Begin PBXSourcesBuildPhase section */
		99208B2B2ABEDA9900F14C5D /* Sources */ = {
			isa = PBXSourcesBuildPhase;
			buildActionMask = 2147483647;
			files = (
				99208B372ABEDA9900F14C5D /* ViewController.swift in Sources */,
				99208B472ABEDCBB00F14C5D /* GameCharecter.swift in Sources */,
				99208B332ABEDA9900F14C5D /* AppDelegate.swift in Sources */,
				99208B352ABEDA9900F14C5D /* SceneDelegate.swift in Sources */,
			);
			runOnlyForDeploymentPostprocessing = 0;
		};
/* End PBXSourcesBuildPhase section */

/* Begin PBXVariantGroup section */
		99208B382ABEDA9900F14C5D /* Main.storyboard */ = {
			isa = PBXVariantGroup;
			children = (
				99208B392ABEDA9900F14C5D /* Base */,
			);
			name = Main.storyboard;
			sourceTree = "<group>";
		};
		99208B3D2ABEDA9B00F14C5D /* LaunchScreen.storyboard */ = {
			isa = PBXVariantGroup;
			children = (
				99208B3E2ABEDA9B00F14C5D /* Base */,
			);
			name = LaunchScreen.storyboard;
			sourceTree = "<group>";
		};
/* End PBXVariantGroup section */

/* Begin XCBuildConfiguration section */
		99208B412ABEDA9B00F14C5D /* Debug */ = {
			isa = XCBuildConfiguration;
			buildSettings = {
				ALWAYS_SEARCH_USER_PATHS = NO;
				CLANG_ANALYZER_NONNULL = YES;
				CLANG_ANALYZER_NUMBER_OBJECT_CONVERSION = YES_AGGRESSIVE;
				CLANG_CXX_LANGUAGE_STANDARD = "gnu++20";
				CLANG_ENABLE_MODULES = YES;
				CLANG_ENABLE_OBJC_ARC = YES;
				CLANG_ENABLE_OBJC_WEAK = YES;
				CLANG_WARN_BLOCK_CAPTURE_AUTORELEASING = YES;
				CLANG_WARN_BOOL_CONVERSION = YES;
				CLANG_WARN_COMMA = YES;
				CLANG_WARN_CONSTANT_CONVERSION = YES;
				CLANG_WARN_DEPRECATED_OBJC_IMPLEMENTATIONS = YES;
				CLANG_WARN_DIRECT_OBJC_ISA_USAGE = YES_ERROR;
				CLANG_WARN_DOCUMENTATION_COMMENTS = YES;
				CLANG_WARN_EMPTY_BODY = YES;
				CLANG_WARN_ENUM_CONVERSION = YES;
				CLANG_WARN_INFINITE_RECURSION = YES;
				CLANG_WARN_INT_CONVERSION = YES;
				CLANG_WARN_NON_LITERAL_NULL_CONVERSION = YES;
				CLANG_WARN_OBJC_IMPLICIT_RETAIN_SELF = YES;
				CLANG_WARN_OBJC_LITERAL_CONVERSION = YES;
				CLANG_WARN_OBJC_ROOT_CLASS = YES_ERROR;
				CLANG_WARN_QUOTED_INCLUDE_IN_FRAMEWORK_HEADER = YES;
				CLANG_WARN_RANGE_LOOP_ANALYSIS = YES;
				CLANG_WARN_STRICT_PROTOTYPES = YES;
				CLANG_WARN_SUSPICIOUS_MOVE = YES;
				CLANG_WARN_UNGUARDED_AVAILABILITY = YES_AGGRESSIVE;
				CLANG_WARN_UNREACHABLE_CODE = YES;
				CLANG_WARN__DUPLICATE_METHOD_MATCH = YES;
				COPY_PHASE_STRIP = NO;
				DEBUG_INFORMATION_FORMAT = dwarf;
				ENABLE_STRICT_OBJC_MSGSEND = YES;
				ENABLE_TESTABILITY = YES;
				GCC_C_LANGUAGE_STANDARD = gnu11;
				GCC_DYNAMIC_NO_PIC = NO;
				GCC_NO_COMMON_BLOCKS = YES;
				GCC_OPTIMIZATION_LEVEL = 0;
				GCC_PREPROCESSOR_DEFINITIONS = (
					"DEBUG=1",
					"$(inherited)",
				);
				GCC_WARN_64_TO_32_BIT_CONVERSION = YES;
				GCC_WARN_ABOUT_RETURN_TYPE = YES_ERROR;
				GCC_WARN_UNDECLARED_SELECTOR = YES;
				GCC_WARN_UNINITIALIZED_AUTOS = YES_AGGRESSIVE;
				GCC_WARN_UNUSED_FUNCTION = YES;
				GCC_WARN_UNUSED_VARIABLE = YES;
				IPHONEOS_DEPLOYMENT_TARGET = 16.4;
				MTL_ENABLE_DEBUG_INFO = INCLUDE_SOURCE;
				MTL_FAST_MATH = YES;
				ONLY_ACTIVE_ARCH = YES;
				SDKROOT = iphoneos;
				SWIFT_ACTIVE_COMPILATION_CONDITIONS = DEBUG;
				SWIFT_OPTIMIZATION_LEVEL = "-Onone";
			};
			name = Debug;
		};
		99208B422ABEDA9B00F14C5D /* Release */ = {
			isa = XCBuildConfiguration;
			buildSettings = {
				ALWAYS_SEARCH_USER_PATHS = NO;
				CLANG_ANALYZER_NONNULL = YES;
				CLANG_ANALYZER_NUMBER_OBJECT_CONVERSION = YES_AGGRESSIVE;
				CLANG_CXX_LANGUAGE_STANDARD = "gnu++20";
				CLANG_ENABLE_MODULES = YES;
				CLANG_ENABLE_OBJC_ARC = YES;
				CLANG_ENABLE_OBJC_WEAK = YES;
				CLANG_WARN_BLOCK_CAPTURE_AUTORELEASING = YES;
				CLANG_WARN_BOOL_CONVERSION = YES;
				CLANG_WARN_COMMA = YES;
				CLANG_WARN_CONSTANT_CONVERSION = YES;
				CLANG_WARN_DEPRECATED_OBJC_IMPLEMENTATIONS = YES;
				CLANG_WARN_DIRECT_OBJC_ISA_USAGE = YES_ERROR;
				CLANG_WARN_DOCUMENTATION_COMMENTS = YES;
				CLANG_WARN_EMPTY_BODY = YES;
				CLANG_WARN_ENUM_CONVERSION = YES;
				CLANG_WARN_INFINITE_RECURSION = YES;
				CLANG_WARN_INT_CONVERSION = YES;
				CLANG_WARN_NON_LITERAL_NULL_CONVERSION = YES;
				CLANG_WARN_OBJC_IMPLICIT_RETAIN_SELF = YES;
				CLANG_WARN_OBJC_LITERAL_CONVERSION = YES;
				CLANG_WARN_OBJC_ROOT_CLASS = YES_ERROR;
				CLANG_WARN_QUOTED_INCLUDE_IN_FRAMEWORK_HEADER = YES;
				CLANG_WARN_RANGE_LOOP_ANALYSIS = YES;
				CLANG_WARN_STRICT_PROTOTYPES = YES;
				CLANG_WARN_SUSPICIOUS_MOVE = YES;
				CLANG_WARN_UNGUARDED_AVAILABILITY = YES_AGGRESSIVE;
				CLANG_WARN_UNREACHABLE_CODE = YES;
				CLANG_WARN__DUPLICATE_METHOD_MATCH = YES;
				COPY_PHASE_STRIP = NO;
				DEBUG_INFORMATION_FORMAT = "dwarf-with-dsym";
				ENABLE_NS_ASSERTIONS = NO;
				ENABLE_STRICT_OBJC_MSGSEND = YES;
				GCC_C_LANGUAGE_STANDARD = gnu11;
				GCC_NO_COMMON_BLOCKS = YES;
				GCC_WARN_64_TO_32_BIT_CONVERSION = YES;
				GCC_WARN_ABOUT_RETURN_TYPE = YES_ERROR;
				GCC_WARN_UNDECLARED_SELECTOR = YES;
				GCC_WARN_UNINITIALIZED_AUTOS = YES_AGGRESSIVE;
				GCC_WARN_UNUSED_FUNCTION = YES;
				GCC_WARN_UNUSED_VARIABLE = YES;
				IPHONEOS_DEPLOYMENT_TARGET = 16.4;
				MTL_ENABLE_DEBUG_INFO = NO;
				MTL_FAST_MATH = YES;
				SDKROOT = iphoneos;
				SWIFT_COMPILATION_MODE = wholemodule;
				SWIFT_OPTIMIZATION_LEVEL = "-O";
				VALIDATE_PRODUCT = YES;
			};
			name = Release;
		};
		99208B442ABEDA9B00F14C5D /* Debug */ = {
			isa = XCBuildConfiguration;
			buildSettings = {
				ASSETCATALOG_COMPILER_APPICON_NAME = AppIcon;
				ASSETCATALOG_COMPILER_GLOBAL_ACCENT_COLOR_NAME = AccentColor;
				CODE_SIGN_STYLE = Automatic;
				CURRENT_PROJECT_VERSION = 1;
				GENERATE_INFOPLIST_FILE = YES;
				INFOPLIST_FILE = pokemonBattleApp/Info.plist;
				INFOPLIST_KEY_UIApplicationSupportsIndirectInputEvents = YES;
				INFOPLIST_KEY_UILaunchStoryboardName = LaunchScreen;
				INFOPLIST_KEY_UIMainStoryboardFile = Main;
				INFOPLIST_KEY_UISupportedInterfaceOrientations = "UIInterfaceOrientationLandscapeLeft UIInterfaceOrientationLandscapeRight";
				LD_RUNPATH_SEARCH_PATHS = (
					"$(inherited)",
					"@executable_path/Frameworks",
				);
				MARKETING_VERSION = 1.0;
				PRODUCT_BUNDLE_IDENTIFIER = com.nantachai.ios.pokemonBattleApp;
				PRODUCT_NAME = "$(TARGET_NAME)";
				SUPPORTED_PLATFORMS = "iphoneos iphonesimulator";
				SUPPORTS_MACCATALYST = NO;
				SUPPORTS_MAC_DESIGNED_FOR_IPHONE_IPAD = NO;
				SWIFT_EMIT_LOC_STRINGS = YES;
				SWIFT_VERSION = 5.0;
				TARGETED_DEVICE_FAMILY = 1;
			};
			name = Debug;
		};
		99208B452ABEDA9B00F14C5D /* Release */ = {
			isa = XCBuildConfiguration;
			buildSettings = {
				ASSETCATALOG_COMPILER_APPICON_NAME = AppIcon;
				ASSETCATALOG_COMPILER_GLOBAL_ACCENT_COLOR_NAME = AccentColor;
				CODE_SIGN_STYLE = Automatic;
				CURRENT_PROJECT_VERSION = 1;
				GENERATE_INFOPLIST_FILE = YES;
				INFOPLIST_FILE = pokemonBattleApp/Info.plist;
				INFOPLIST_KEY_UIApplicationSupportsIndirectInputEvents = YES;
				INFOPLIST_KEY_UILaunchStoryboardName = LaunchScreen;
				INFOPLIST_KEY_UIMainStoryboardFile = Main;
				INFOPLIST_KEY_UISupportedInterfaceOrientations = "UIInterfaceOrientationLandscapeLeft UIInterfaceOrientationLandscapeRight";
				LD_RUNPATH_SEARCH_PATHS = (
					"$(inherited)",
					"@executable_path/Frameworks",
				);
				MARKETING_VERSION = 1.0;
				PRODUCT_BUNDLE_IDENTIFIER = com.nantachai.ios.pokemonBattleApp;
				PRODUCT_NAME = "$(TARGET_NAME)";
				SUPPORTED_PLATFORMS = "iphoneos iphonesimulator";
				SUPPORTS_MACCATALYST = NO;
				SUPPORTS_MAC_DESIGNED_FOR_IPHONE_IPAD = NO;
				SWIFT_EMIT_LOC_STRINGS = YES;
				SWIFT_VERSION = 5.0;
				TARGETED_DEVICE_FAMILY = 1;
			};
			name = Release;
		};
/* End XCBuildConfiguration section */

/* Begin XCConfigurationList section */
		99208B2A2ABEDA9900F14C5D /* Build configuration list for PBXProject "pokemonBattleApp" */ = {
			isa = XCConfigurationList;
			buildConfigurations = (
				99208B412ABEDA9B00F14C5D /* Debug */,
				99208B422ABEDA9B00F14C5D /* Release */,
			);
			defaultConfigurationIsVisible = 0;
			defaultConfigurationName = Release;
		};
		99208B432ABEDA9B00F14C5D /* Build configuration list for PBXNativeTarget "pokemonBattleApp" */ = {
			isa = XCConfigurationList;
			buildConfigurations = (
				99208B442ABEDA9B00F14C5D /* Debug */,
				99208B452ABEDA9B00F14C5D /* Release */,
			);
			defaultConfigurationIsVisible = 0;
			defaultConfigurationName = Release;
		};
/* End XCConfigurationList section */
	};
	rootObject = 99208B272ABEDA9900F14C5D /* Project object */;
}
