// !$*UTF8*$!
{
	archiveVersion = 1;
	classes = {
	};
	objectVersion = 56;
	objects = {

/* Begin PBXBuildFile section */
		9937EB4B2AC7FB9700B02924 /* AppDelegate.swift in Sources */ = {isa = PBXBuildFile; fileRef = 9937EB4A2AC7FB9700B02924 /* AppDelegate.swift */; };
		9937EB4D2AC7FB9700B02924 /* SceneDelegate.swift in Sources */ = {isa = PBXBuildFile; fileRef = 9937EB4C2AC7FB9700B02924 /* SceneDelegate.swift */; };
		9937EB4F2AC7FB9700B02924 /* ViewController.swift in Sources */ = {isa = PBXBuildFile; fileRef = 9937EB4E2AC7FB9700B02924 /* ViewController.swift */; };
		9937EB522AC7FB9700B02924 /* Main.storyboard in Resources */ = {isa = PBXBuildFile; fileRef = 9937EB502AC7FB9700B02924 /* Main.storyboard */; };
		9937EB542AC7FB9900B02924 /* Assets.xcassets in Resources */ = {isa = PBXBuildFile; fileRef = 9937EB532AC7FB9900B02924 /* Assets.xcassets */; };
		9937EB572AC7FB9900B02924 /* LaunchScreen.storyboard in Resources */ = {isa = PBXBuildFile; fileRef = 9937EB552AC7FB9900B02924 /* LaunchScreen.storyboard */; };
		9937EB5F2AC7FDAC00B02924 /* FirstViewController.swift in Sources */ = {isa = PBXBuildFile; fileRef = 9937EB5E2AC7FDAC00B02924 /* FirstViewController.swift */; };
		9937EB612AC7FDDD00B02924 /* SecondViewController.swift in Sources */ = {isa = PBXBuildFile; fileRef = 9937EB602AC7FDDD00B02924 /* SecondViewController.swift */; };
		9937EB632AC8044400B02924 /* ThirdViewController.swift in Sources */ = {isa = PBXBuildFile; fileRef = 9937EB622AC8044400B02924 /* ThirdViewController.swift */; };
/* End PBXBuildFile section */

/* Begin PBXFileReference section */
		9937EB472AC7FB9700B02924 /* basicMV1.app */ = {isa = PBXFileReference; explicitFileType = wrapper.application; includeInIndex = 0; path = basicMV1.app; sourceTree = BUILT_PRODUCTS_DIR; };
		9937EB4A2AC7FB9700B02924 /* AppDelegate.swift */ = {isa = PBXFileReference; lastKnownFileType = sourcecode.swift; path = AppDelegate.swift; sourceTree = "<group>"; };
		9937EB4C2AC7FB9700B02924 /* SceneDelegate.swift */ = {isa = PBXFileReference; lastKnownFileType = sourcecode.swift; path = SceneDelegate.swift; sourceTree = "<group>"; };
		9937EB4E2AC7FB9700B02924 /* ViewController.swift */ = {isa = PBXFileReference; lastKnownFileType = sourcecode.swift; path = ViewController.swift; sourceTree = "<group>"; };
		9937EB512AC7FB9700B02924 /* Base */ = {isa = PBXFileReference; lastKnownFileType = file.storyboard; name = Base; path = Base.lproj/Main.storyboard; sourceTree = "<group>"; };
		9937EB532AC7FB9900B02924 /* Assets.xcassets */ = {isa = PBXFileReference; lastKnownFileType = folder.assetcatalog; path = Assets.xcassets; sourceTree = "<group>"; };
		9937EB562AC7FB9900B02924 /* Base */ = {isa = PBXFileReference; lastKnownFileType = file.storyboard; name = Base; path = Base.lproj/LaunchScreen.storyboard; sourceTree = "<group>"; };
		9937EB582AC7FB9900B02924 /* Info.plist */ = {isa = PBXFileReference; lastKnownFileType = text.plist.xml; path = Info.plist; sourceTree = "<group>"; };
		9937EB5E2AC7FDAC00B02924 /* FirstViewController.swift */ = {isa = PBXFileReference; lastKnownFileType = sourcecode.swift; path = FirstViewController.swift; sourceTree = "<group>"; };
		9937EB602AC7FDDD00B02924 /* SecondViewController.swift */ = {isa = PBXFileReference; lastKnownFileType = sourcecode.swift; path = SecondViewController.swift; sourceTree = "<group>"; };
		9937EB622AC8044400B02924 /* ThirdViewController.swift */ = {isa = PBXFileReference; lastKnownFileType = sourcecode.swift; path = ThirdViewController.swift; sourceTree = "<group>"; };
/* End PBXFileReference section */

/* Begin PBXFrameworksBuildPhase section */
		9937EB442AC7FB9700B02924 /* Frameworks */ = {
			isa = PBXFrameworksBuildPhase;
			buildActionMask = 2147483647;
			files = (
			);
			runOnlyForDeploymentPostprocessing = 0;
		};
/* End PBXFrameworksBuildPhase section */

/* Begin PBXGroup section */
		9937EB3E2AC7FB9700B02924 = {
			isa = PBXGroup;
			children = (
				9937EB492AC7FB9700B02924 /* basicMV1 */,
				9937EB482AC7FB9700B02924 /* Products */,
			);
			sourceTree = "<group>";
		};
		9937EB482AC7FB9700B02924 /* Products */ = {
			isa = PBXGroup;
			children = (
				9937EB472AC7FB9700B02924 /* basicMV1.app */,
			);
			name = Products;
			sourceTree = "<group>";
		};
		9937EB492AC7FB9700B02924 /* basicMV1 */ = {
			isa = PBXGroup;
			children = (
				9937EB582AC7FB9900B02924 /* Info.plist */,
				9937EB4A2AC7FB9700B02924 /* AppDelegate.swift */,
				9937EB5E2AC7FDAC00B02924 /* FirstViewController.swift */,
				9937EB4C2AC7FB9700B02924 /* SceneDelegate.swift */,
				9937EB602AC7FDDD00B02924 /* SecondViewController.swift */,
				9937EB4E2AC7FB9700B02924 /* ViewController.swift */,
				9937EB532AC7FB9900B02924 /* Assets.xcassets */,
				9937EB552AC7FB9900B02924 /* LaunchScreen.storyboard */,
				9937EB502AC7FB9700B02924 /* Main.storyboard */,
				9937EB622AC8044400B02924 /* ThirdViewController.swift */,
			);
			path = basicMV1;
			sourceTree = "<group>";
		};
/* End PBXGroup section */

/* Begin PBXNativeTarget section */
		9937EB462AC7FB9700B02924 /* basicMV1 */ = {
			isa = PBXNativeTarget;
			buildConfigurationList = 9937EB5B2AC7FB9900B02924 /* Build configuration list for PBXNativeTarget "basicMV1" */;
			buildPhases = (
				9937EB432AC7FB9700B02924 /* Sources */,
				9937EB442AC7FB9700B02924 /* Frameworks */,
				9937EB452AC7FB9700B02924 /* Resources */,
			);
			buildRules = (
			);
			dependencies = (
			);
			name = basicMV1;
			productName = basicMV1;
			productReference = 9937EB472AC7FB9700B02924 /* basicMV1.app */;
			productType = "com.apple.product-type.application";
		};
/* End PBXNativeTarget section */

/* Begin PBXProject section */
		9937EB3F2AC7FB9700B02924 /* Project object */ = {
			isa = PBXProject;
			attributes = {
				BuildIndependentTargetsInParallel = 1;
				LastSwiftUpdateCheck = 1430;
				LastUpgradeCheck = 1430;
				TargetAttributes = {
					9937EB462AC7FB9700B02924 = {
						CreatedOnToolsVersion = 14.3.1;
					};
				};
			};
			buildConfigurationList = 9937EB422AC7FB9700B02924 /* Build configuration list for PBXProject "basicMV1" */;
			compatibilityVersion = "Xcode 14.0";
			developmentRegion = en;
			hasScannedForEncodings = 0;
			knownRegions = (
				en,
				Base,
			);
			mainGroup = 9937EB3E2AC7FB9700B02924;
			productRefGroup = 9937EB482AC7FB9700B02924 /* Products */;
			projectDirPath = "";
			projectRoot = "";
			targets = (
				9937EB462AC7FB9700B02924 /* basicMV1 */,
			);
		};
/* End PBXProject section */

/* Begin PBXResourcesBuildPhase section */
		9937EB452AC7FB9700B02924 /* Resources */ = {
			isa = PBXResourcesBuildPhase;
			buildActionMask = 2147483647;
			files = (
				9937EB572AC7FB9900B02924 /* LaunchScreen.storyboard in Resources */,
				9937EB542AC7FB9900B02924 /* Assets.xcassets in Resources */,
				9937EB522AC7FB9700B02924 /* Main.storyboard in Resources */,
			);
			runOnlyForDeploymentPostprocessing = 0;
		};
/* End PBXResourcesBuildPhase section */

/* Begin PBXSourcesBuildPhase section */
		9937EB432AC7FB9700B02924 /* Sources */ = {
			isa = PBXSourcesBuildPhase;
			buildActionMask = 2147483647;
			files = (
				9937EB4F2AC7FB9700B02924 /* ViewController.swift in Sources */,
				9937EB4B2AC7FB9700B02924 /* AppDelegate.swift in Sources */,
				9937EB4D2AC7FB9700B02924 /* SceneDelegate.swift in Sources */,
				9937EB612AC7FDDD00B02924 /* SecondViewController.swift in Sources */,
				9937EB632AC8044400B02924 /* ThirdViewController.swift in Sources */,
				9937EB5F2AC7FDAC00B02924 /* FirstViewController.swift in Sources */,
			);
			runOnlyForDeploymentPostprocessing = 0;
		};
/* End PBXSourcesBuildPhase section */

/* Begin PBXVariantGroup section */
		9937EB502AC7FB9700B02924 /* Main.storyboard */ = {
			isa = PBXVariantGroup;
			children = (
				9937EB512AC7FB9700B02924 /* Base */,
			);
			name = Main.storyboard;
			sourceTree = "<group>";
		};
		9937EB552AC7FB9900B02924 /* LaunchScreen.storyboard */ = {
			isa = PBXVariantGroup;
			children = (
				9937EB562AC7FB9900B02924 /* Base */,
			);
			name = LaunchScreen.storyboard;
			sourceTree = "<group>";
		};
/* End PBXVariantGroup section */

/* Begin XCBuildConfiguration section */
		9937EB592AC7FB9900B02924 /* Debug */ = {
			isa = XCBuildConfiguration;
			buildSettings = {
				ALWAYS_SEARCH_USER_PATHS = NO;
				CLANG_ANALYZER_NONNULL = YES;
				CLANG_ANALYZER_NUMBER_OBJECT_CONVERSION = YES_AGGRESSIVE;
				CLANG_CXX_LANGUAGE_STANDARD = "gnu++20";
				CLANG_ENABLE_MODULES = YES;
				CLANG_ENABLE_OBJC_ARC = YES;
				CLANG_ENABLE_OBJC_WEAK = YES;
				CLANG_WARN_BLOCK_CAPTURE_AUTORELEASING = YES;
				CLANG_WARN_BOOL_CONVERSION = YES;
				CLANG_WARN_COMMA = YES;
				CLANG_WARN_CONSTANT_CONVERSION = YES;
				CLANG_WARN_DEPRECATED_OBJC_IMPLEMENTATIONS = YES;
				CLANG_WARN_DIRECT_OBJC_ISA_USAGE = YES_ERROR;
				CLANG_WARN_DOCUMENTATION_COMMENTS = YES;
				CLANG_WARN_EMPTY_BODY = YES;
				CLANG_WARN_ENUM_CONVERSION = YES;
				CLANG_WARN_INFINITE_RECURSION = YES;
				CLANG_WARN_INT_CONVERSION = YES;
				CLANG_WARN_NON_LITERAL_NULL_CONVERSION = YES;
				CLANG_WARN_OBJC_IMPLICIT_RETAIN_SELF = YES;
				CLANG_WARN_OBJC_LITERAL_CONVERSION = YES;
				CLANG_WARN_OBJC_ROOT_CLASS = YES_ERROR;
				CLANG_WARN_QUOTED_INCLUDE_IN_FRAMEWORK_HEADER = YES;
				CLANG_WARN_RANGE_LOOP_ANALYSIS = YES;
				CLANG_WARN_STRICT_PROTOTYPES = YES;
				CLANG_WARN_SUSPICIOUS_MOVE = YES;
				CLANG_WARN_UNGUARDED_AVAILABILITY = YES_AGGRESSIVE;
				CLANG_WARN_UNREACHABLE_CODE = YES;
				CLANG_WARN__DUPLICATE_METHOD_MATCH = YES;
				COPY_PHASE_STRIP = NO;
				DEBUG_INFORMATION_FORMAT = dwarf;
				ENABLE_STRICT_OBJC_MSGSEND = YES;
				ENABLE_TESTABILITY = YES;
				GCC_C_LANGUAGE_STANDARD = gnu11;
				GCC_DYNAMIC_NO_PIC = NO;
				GCC_NO_COMMON_BLOCKS = YES;
				GCC_OPTIMIZATION_LEVEL = 0;
				GCC_PREPROCESSOR_DEFINITIONS = (
					"DEBUG=1",
					"$(inherited)",
				);
				GCC_WARN_64_TO_32_BIT_CONVERSION = YES;
				GCC_WARN_ABOUT_RETURN_TYPE = YES_ERROR;
				GCC_WARN_UNDECLARED_SELECTOR = YES;
				GCC_WARN_UNINITIALIZED_AUTOS = YES_AGGRESSIVE;
				GCC_WARN_UNUSED_FUNCTION = YES;
				GCC_WARN_UNUSED_VARIABLE = YES;
				IPHONEOS_DEPLOYMENT_TARGET = 16.4;
				MTL_ENABLE_DEBUG_INFO = INCLUDE_SOURCE;
				MTL_FAST_MATH = YES;
				ONLY_ACTIVE_ARCH = YES;
				SDKROOT = iphoneos;
				SWIFT_ACTIVE_COMPILATION_CONDITIONS = DEBUG;
				SWIFT_OPTIMIZATION_LEVEL = "-Onone";
			};
			name = Debug;
		};
		9937EB5A2AC7FB9900B02924 /* Release */ = {
			isa = XCBuildConfiguration;
			buildSettings = {
				ALWAYS_SEARCH_USER_PATHS = NO;
				CLANG_ANALYZER_NONNULL = YES;
				CLANG_ANALYZER_NUMBER_OBJECT_CONVERSION = YES_AGGRESSIVE;
				CLANG_CXX_LANGUAGE_STANDARD = "gnu++20";
				CLANG_ENABLE_MODULES = YES;
				CLANG_ENABLE_OBJC_ARC = YES;
				CLANG_ENABLE_OBJC_WEAK = YES;
				CLANG_WARN_BLOCK_CAPTURE_AUTORELEASING = YES;
				CLANG_WARN_BOOL_CONVERSION = YES;
				CLANG_WARN_COMMA = YES;
				CLANG_WARN_CONSTANT_CONVERSION = YES;
				CLANG_WARN_DEPRECATED_OBJC_IMPLEMENTATIONS = YES;
				CLANG_WARN_DIRECT_OBJC_ISA_USAGE = YES_ERROR;
				CLANG_WARN_DOCUMENTATION_COMMENTS = YES;
				CLANG_WARN_EMPTY_BODY = YES;
				CLANG_WARN_ENUM_CONVERSION = YES;
				CLANG_WARN_INFINITE_RECURSION = YES;
				CLANG_WARN_INT_CONVERSION = YES;
				CLANG_WARN_NON_LITERAL_NULL_CONVERSION = YES;
				CLANG_WARN_OBJC_IMPLICIT_RETAIN_SELF = YES;
				CLANG_WARN_OBJC_LITERAL_CONVERSION = YES;
				CLANG_WARN_OBJC_ROOT_CLASS = YES_ERROR;
				CLANG_WARN_QUOTED_INCLUDE_IN_FRAMEWORK_HEADER = YES;
				CLANG_WARN_RANGE_LOOP_ANALYSIS = YES;
				CLANG_WARN_STRICT_PROTOTYPES = YES;
				CLANG_WARN_SUSPICIOUS_MOVE = YES;
				CLANG_WARN_UNGUARDED_AVAILABILITY = YES_AGGRESSIVE;
				CLANG_WARN_UNREACHABLE_CODE = YES;
				CLANG_WARN__DUPLICATE_METHOD_MATCH = YES;
				COPY_PHASE_STRIP = NO;
				DEBUG_INFORMATION_FORMAT = "dwarf-with-dsym";
				ENABLE_NS_ASSERTIONS = NO;
				ENABLE_STRICT_OBJC_MSGSEND = YES;
				GCC_C_LANGUAGE_STANDARD = gnu11;
				GCC_NO_COMMON_BLOCKS = YES;
				GCC_WARN_64_TO_32_BIT_CONVERSION = YES;
				GCC_WARN_ABOUT_RETURN_TYPE = YES_ERROR;
				GCC_WARN_UNDECLARED_SELECTOR = YES;
				GCC_WARN_UNINITIALIZED_AUTOS = YES_AGGRESSIVE;
				GCC_WARN_UNUSED_FUNCTION = YES;
				GCC_WARN_UNUSED_VARIABLE = YES;
				IPHONEOS_DEPLOYMENT_TARGET = 16.4;
				MTL_ENABLE_DEBUG_INFO = NO;
				MTL_FAST_MATH = YES;
				SDKROOT = iphoneos;
				SWIFT_COMPILATION_MODE = wholemodule;
				SWIFT_OPTIMIZATION_LEVEL = "-O";
				VALIDATE_PRODUCT = YES;
			};
			name = Release;
		};
		9937EB5C2AC7FB9900B02924 /* Debug */ = {
			isa = XCBuildConfiguration;
			buildSettings = {
				ASSETCATALOG_COMPILER_APPICON_NAME = AppIcon;
				ASSETCATALOG_COMPILER_GLOBAL_ACCENT_COLOR_NAME = AccentColor;
				CODE_SIGN_STYLE = Automatic;
				CURRENT_PROJECT_VERSION = 1;
				GENERATE_INFOPLIST_FILE = YES;
				INFOPLIST_FILE = basicMV1/Info.plist;
				INFOPLIST_KEY_UIApplicationSupportsIndirectInputEvents = YES;
				INFOPLIST_KEY_UILaunchStoryboardName = LaunchScreen;
				INFOPLIST_KEY_UIMainStoryboardFile = Main;
				INFOPLIST_KEY_UISupportedInterfaceOrientations_iPad = "UIInterfaceOrientationPortrait UIInterfaceOrientationPortraitUpsideDown UIInterfaceOrientationLandscapeLeft UIInterfaceOrientationLandscapeRight";
				INFOPLIST_KEY_UISupportedInterfaceOrientations_iPhone = "UIInterfaceOrientationPortrait UIInterfaceOrientationLandscapeLeft UIInterfaceOrientationLandscapeRight";
				LD_RUNPATH_SEARCH_PATHS = (
					"$(inherited)",
					"@executable_path/Frameworks",
				);
				MARKETING_VERSION = 1.0;
				PRODUCT_BUNDLE_IDENTIFIER = com.nantachai.ios.basicMV1;
				PRODUCT_NAME = "$(TARGET_NAME)";
				SWIFT_EMIT_LOC_STRINGS = YES;
				SWIFT_VERSION = 5.0;
				TARGETED_DEVICE_FAMILY = "1,2";
			};
			name = Debug;
		};
		9937EB5D2AC7FB9900B02924 /* Release */ = {
			isa = XCBuildConfiguration;
			buildSettings = {
				ASSETCATALOG_COMPILER_APPICON_NAME = AppIcon;
				ASSETCATALOG_COMPILER_GLOBAL_ACCENT_COLOR_NAME = AccentColor;
				CODE_SIGN_STYLE = Automatic;
				CURRENT_PROJECT_VERSION = 1;
				GENERATE_INFOPLIST_FILE = YES;
				INFOPLIST_FILE = basicMV1/Info.plist;
				INFOPLIST_KEY_UIApplicationSupportsIndirectInputEvents = YES;
				INFOPLIST_KEY_UILaunchStoryboardName = LaunchScreen;
				INFOPLIST_KEY_UIMainStoryboardFile = Main;
				INFOPLIST_KEY_UISupportedInterfaceOrientations_iPad = "UIInterfaceOrientationPortrait UIInterfaceOrientationPortraitUpsideDown UIInterfaceOrientationLandscapeLeft UIInterfaceOrientationLandscapeRight";
				INFOPLIST_KEY_UISupportedInterfaceOrientations_iPhone = "UIInterfaceOrientationPortrait UIInterfaceOrientationLandscapeLeft UIInterfaceOrientationLandscapeRight";
				LD_RUNPATH_SEARCH_PATHS = (
					"$(inherited)",
					"@executable_path/Frameworks",
				);
				MARKETING_VERSION = 1.0;
				PRODUCT_BUNDLE_IDENTIFIER = com.nantachai.ios.basicMV1;
				PRODUCT_NAME = "$(TARGET_NAME)";
				SWIFT_EMIT_LOC_STRINGS = YES;
				SWIFT_VERSION = 5.0;
				TARGETED_DEVICE_FAMILY = "1,2";
			};
			name = Release;
		};
/* End XCBuildConfiguration section */

/* Begin XCConfigurationList section */
		9937EB422AC7FB9700B02924 /* Build configuration list for PBXProject "basicMV1" */ = {
			isa = XCConfigurationList;
			buildConfigurations = (
				9937EB592AC7FB9900B02924 /* Debug */,
				9937EB5A2AC7FB9900B02924 /* Release */,
			);
			defaultConfigurationIsVisible = 0;
			defaultConfigurationName = Release;
		};
		9937EB5B2AC7FB9900B02924 /* Build configuration list for PBXNativeTarget "basicMV1" */ = {
			isa = XCConfigurationList;
			buildConfigurations = (
				9937EB5C2AC7FB9900B02924 /* Debug */,
				9937EB5D2AC7FB9900B02924 /* Release */,
			);
			defaultConfigurationIsVisible = 0;
			defaultConfigurationName = Release;
		};
/* End XCConfigurationList section */
	};
	rootObject = 9937EB3F2AC7FB9700B02924 /* Project object */;
}
